
Microsoft Visual Studio Solution File, Format Version 12.00
# Visual Studio Version 17
VisualStudioVersion = 17.13.35931.197
MinimumVisualStudioVersion = 10.0.40219.1
Project("{FAE04EC0-301F-11D3-BF4B-00C04F79EFBC}") = "MA_Simulator", "MA_Simulator\MA_Simulator.csproj", "{E65ED88B-ADC6-4470-95FC-CA09B60628D9}"
EndProject
Project("{FAE04EC0-301F-11D3-BF4B-00C04F79EFBC}") = "MA_MessageLib", "MessageLib\MA_MessageLib.csproj", "{324D68E9-41D8-4E6D-B764-1A0616D05D6B}"
EndProject
Global
	GlobalSection(SolutionConfigurationPlatforms) = preSolution
		Debug|Any CPU = Debug|Any CPU
		Release|Any CPU = Release|Any CPU
	EndGlobalSection
	GlobalSection(ProjectConfigurationPlatforms) = postSolution
		{E65ED88B-ADC6-4470-95FC-CA09B60628D9}.Debug|Any CPU.ActiveCfg = Debug|Any CPU
		{E65ED88B-ADC6-4470-95FC-CA09B60628D9}.Debug|Any CPU.Build.0 = Debug|Any CPU
		{E65ED88B-ADC6-4470-95FC-CA09B60628D9}.Release|Any CPU.ActiveCfg = Release|Any CPU
		{E65ED88B-ADC6-4470-95FC-CA09B60628D9}.Release|Any CPU.Build.0 = Release|Any CPU
		{324D68E9-41D8-4E6D-B764-1A0616D05D6B}.Debug|Any CPU.ActiveCfg = Debug|Any CPU
		{324D68E9-41D8-4E6D-B764-1A0616D05D6B}.Debug|Any CPU.Build.0 = Debug|Any CPU
		{324D68E9-41D8-4E6D-B764-1A0616D05D6B}.Release|Any CPU.ActiveCfg = Release|Any CPU
		{324D68E9-41D8-4E6D-B764-1A0616D05D6B}.Release|Any CPU.Build.0 = Release|Any CPU
	EndGlobalSection
	GlobalSection(SolutionProperties) = preSolution
		HideSolutionNode = FALSE
	EndGlobalSection
	GlobalSection(ExtensibilityGlobals) = postSolution
		SolutionGuid = {6E3B5C40-8942-49AB-AE69-5C3B3AC15CF8}
	EndGlobalSection
EndGlobal
